
Microsoft Visual Studio Solution File, Format Version 12.00
# Visual Studio Version 17
VisualStudioVersion = 17.11.35312.102
MinimumVisualStudioVersion = 10.0.40219.1
Project("{FAE04EC0-301F-11D3-BF4B-00C04F79EFBC}") = "starwebapp1", "starwebapp1\starwebapp1.csproj", "{DF5C6DF8-92B8-4AB2-BD84-82552AFD5D56}"
EndProject
Global
	GlobalSection(SolutionConfigurationPlatforms) = preSolution
		Debug|Any CPU = Debug|Any CPU
		Release|Any CPU = Release|Any CPU
	EndGlobalSection
	GlobalSection(ProjectConfigurationPlatforms) = postSolution
		{DF5C6DF8-92B8-4AB2-BD84-82552AFD5D56}.Debug|Any CPU.ActiveCfg = Debug|Any CPU
		{DF5C6DF8-92B8-4AB2-BD84-82552AFD5D56}.Debug|Any CPU.Build.0 = Debug|Any CPU
		{DF5C6DF8-92B8-4AB2-BD84-82552AFD5D56}.Release|Any CPU.ActiveCfg = Release|Any CPU
		{DF5C6DF8-92B8-4AB2-BD84-82552AFD5D56}.Release|Any CPU.Build.0 = Release|Any CPU
	EndGlobalSection
	GlobalSection(SolutionProperties) = preSolution
		HideSolutionNode = FALSE
	EndGlobalSection
	GlobalSection(ExtensibilityGlobals) = postSolution
		SolutionGuid = {301D467B-BD98-4942-9394-B10FC57AC3D8}
	EndGlobalSection
EndGlobal
